Microsoft Visual Studio Solution File, Format Version 12.00
# Visual Studio Version 17
VisualStudioVersion = 17.5.2.0
MinimumVisualStudioVersion = 10.0.40219.1
Project("{FAE04EC0-301F-11D3-BF4B-00C04F79EFBC}") = "ccc", "ccc\ccc.csproj", "{D86E89BE-0B76-E68C-37AF-E4F61C54571B}"
EndProject
Global
	GlobalSection(SolutionConfigurationPlatforms) = preSolution
		Debug|Any CPU = Debug|Any CPU
		Release|Any CPU = Release|Any CPU
	EndGlobalSection
	GlobalSection(ProjectConfigurationPlatforms) = postSolution
		{D86E89BE-0B76-E68C-37AF-E4F61C54571B}.Debug|Any CPU.ActiveCfg = Debug|Any CPU
		{D86E89BE-0B76-E68C-37AF-E4F61C54571B}.Debug|Any CPU.Build.0 = Debug|Any CPU
		{D86E89BE-0B76-E68C-37AF-E4F61C54571B}.Release|Any CPU.ActiveCfg = Release|Any CPU
		{D86E89BE-0B76-E68C-37AF-E4F61C54571B}.Release|Any CPU.Build.0 = Release|Any CPU
	EndGlobalSection
	GlobalSection(SolutionProperties) = preSolution
		HideSolutionNode = FALSE
	EndGlobalSection
	GlobalSection(ExtensibilityGlobals) = postSolution
		SolutionGuid = {48C5A73F-7DB1-4B26-A721-6E2C59C84A25}
	EndGlobalSection
EndGlobal
